// !$*UTF8*$!
{
	archiveVersion = 1;
	classes = {
	};
	objectVersion = 46;
	objects = {

/* Begin PBXBuildFile section */
		BE09361317B752D500B10E4A /* helper.m in Sources */ = {isa = PBXBuildFile; fileRef = BE09361217B752D500B10E4A /* helper.m */; };
		BE09361617B756CF00B10E4A /* CategoryView.m in Sources */ = {isa = PBXBuildFile; fileRef = BE09361517B756CF00B10E4A /* CategoryView.m */; };
		BE18F78A17B277850033EC1F /* UIKit.framework in Frameworks */ = {isa = PBXBuildFile; fileRef = BE18F78917B277840033EC1F /* UIKit.framework */; };
		BE18F78C17B277850033EC1F /* Foundation.framework in Frameworks */ = {isa = PBXBuildFile; fileRef = BE18F78B17B277850033EC1F /* Foundation.framework */; };
		BE18F78E17B277850033EC1F /* CoreGraphics.framework in Frameworks */ = {isa = PBXBuildFile; fileRef = BE18F78D17B277850033EC1F /* CoreGraphics.framework */; };
		BE18F79417B277850033EC1F /* InfoPlist.strings in Resources */ = {isa = PBXBuildFile; fileRef = BE18F79217B277850033EC1F /* InfoPlist.strings */; };
		BE18F79617B277850033EC1F /* main.m in Sources */ = {isa = PBXBuildFile; fileRef = BE18F79517B277850033EC1F /* main.m */; };
		BE18F79A17B277850033EC1F /* AppDelegate.m in Sources */ = {isa = PBXBuildFile; fileRef = BE18F79917B277850033EC1F /* AppDelegate.m */; };
		BE18F79C17B277850033EC1F /* Default.png in Resources */ = {isa = PBXBuildFile; fileRef = BE18F79B17B277850033EC1F /* Default.png */; };
		BE18F79E17B277850033EC1F /* Default@2x.png in Resources */ = {isa = PBXBuildFile; fileRef = BE18F79D17B277850033EC1F /* Default@2x.png */; };
		BE18F7A017B277850033EC1F /* Default-568h@2x.png in Resources */ = {isa = PBXBuildFile; fileRef = BE18F79F17B277850033EC1F /* Default-568h@2x.png */; };
		BE18F7A317B277850033EC1F /* MainStoryboard_iPhone.storyboard in Resources */ = {isa = PBXBuildFile; fileRef = BE18F7A117B277850033EC1F /* MainStoryboard_iPhone.storyboard */; };
		BE18F7A617B277850033EC1F /* MainStoryboard_iPad.storyboard in Resources */ = {isa = PBXBuildFile; fileRef = BE18F7A417B277850033EC1F /* MainStoryboard_iPad.storyboard */; };
		BE18F7A917B277850033EC1F /* ViewController.m in Sources */ = {isa = PBXBuildFile; fileRef = BE18F7A817B277850033EC1F /* ViewController.m */; };
		BE18F7B117B278470033EC1F /* Comic_Andy.ttf in Resources */ = {isa = PBXBuildFile; fileRef = BE18F7B017B278470033EC1F /* Comic_Andy.ttf */; };
		BE18F7B517B2788E0033EC1F /* particle.png in Resources */ = {isa = PBXBuildFile; fileRef = BE18F7B417B2788E0033EC1F /* particle.png */; };
		BE18F7BA17B278D50033EC1F /* ding.mp3 in Resources */ = {isa = PBXBuildFile; fileRef = BE18F7B717B278D50033EC1F /* ding.mp3 */; };
		BE18F7BB17B278D50033EC1F /* win.mp3 in Resources */ = {isa = PBXBuildFile; fileRef = BE18F7B817B278D50033EC1F /* win.mp3 */; };
		BE18F7BC17B278D50033EC1F /* wrong.m4a in Resources */ = {isa = PBXBuildFile; fileRef = BE18F7B917B278D50033EC1F /* wrong.m4a */; };
		BE18F7C617B279030033EC1F /* board.jpg in Resources */ = {isa = PBXBuildFile; fileRef = BE18F7BE17B279030033EC1F /* board.jpg */; };
		BE18F7C717B279030033EC1F /* board@2x.jpg in Resources */ = {isa = PBXBuildFile; fileRef = BE18F7BF17B279030033EC1F /* board@2x.jpg */; };
		BE18F7C817B279030033EC1F /* btn.png in Resources */ = {isa = PBXBuildFile; fileRef = BE18F7C017B279030033EC1F /* btn.png */; };
		BE18F7C917B279030033EC1F /* btn@2x.png in Resources */ = {isa = PBXBuildFile; fileRef = BE18F7C117B279030033EC1F /* btn@2x.png */; };
		BE18F7CA17B279030033EC1F /* slot.png in Resources */ = {isa = PBXBuildFile; fileRef = BE18F7C217B279030033EC1F /* slot.png */; };
		BE18F7CB17B279030033EC1F /* slot@2x.png in Resources */ = {isa = PBXBuildFile; fileRef = BE18F7C317B279030033EC1F /* slot@2x.png */; };
		BE18F7CC17B279030033EC1F /* tile.png in Resources */ = {isa = PBXBuildFile; fileRef = BE18F7C417B279030033EC1F /* tile.png */; };
		BE18F7CD17B279030033EC1F /* tile@2x.png in Resources */ = {isa = PBXBuildFile; fileRef = BE18F7C517B279030033EC1F /* tile@2x.png */; };
		BE18F7D517B27BF10033EC1F /* Word.m in Sources */ = {isa = PBXBuildFile; fileRef = BE18F7D417B27BF10033EC1F /* Word.m */; };
		BE18F7D817B27CB30033EC1F /* GameController.m in Sources */ = {isa = PBXBuildFile; fileRef = BE18F7D717B27CB30033EC1F /* GameController.m */; };
		BE18F7DA17B27D800033EC1F /* libsqlite3.dylib in Frameworks */ = {isa = PBXBuildFile; fileRef = BE18F7D917B27D800033EC1F /* libsqlite3.dylib */; };
		BEE535FB17B5D93200846E3B /* DictHelper.m in Sources */ = {isa = PBXBuildFile; fileRef = BEE535FA17B5D93200846E3B /* DictHelper.m */; };
		BEE5360717B5DA1300846E3B /* FMDatabase.m in Sources */ = {isa = PBXBuildFile; fileRef = BEE535FE17B5DA1300846E3B /* FMDatabase.m */; };
		BEE5360817B5DA1300846E3B /* FMDatabaseAdditions.m in Sources */ = {isa = PBXBuildFile; fileRef = BEE5360017B5DA1300846E3B /* FMDatabaseAdditions.m */; };
		BEE5360917B5DA1300846E3B /* FMDatabasePool.m in Sources */ = {isa = PBXBuildFile; fileRef = BEE5360217B5DA1300846E3B /* FMDatabasePool.m */; };
		BEE5360A17B5DA1300846E3B /* FMDatabaseQueue.m in Sources */ = {isa = PBXBuildFile; fileRef = BEE5360417B5DA1300846E3B /* FMDatabaseQueue.m */; };
		BEE5360B17B5DA1300846E3B /* FMResultSet.m in Sources */ = {isa = PBXBuildFile; fileRef = BEE5360617B5DA1300846E3B /* FMResultSet.m */; };
		BEE5360D17B5DBF000846E3B /* FZMW.ttf in Resources */ = {isa = PBXBuildFile; fileRef = BEE5360C17B5DBF000846E3B /* FZMW.ttf */; };
		BEE5361017B5E4CC00846E3B /* Level.m in Sources */ = {isa = PBXBuildFile; fileRef = BEE5360F17B5E4CC00846E3B /* Level.m */; };
		BEE5361317B5E58800846E3B /* Category.m in Sources */ = {isa = PBXBuildFile; fileRef = BEE5361217B5E58800846E3B /* Category.m */; };
		BEE5361517B6A01700846E3B /* dict.db in Resources */ = {isa = PBXBuildFile; fileRef = BEE5361417B6A01700846E3B /* dict.db */; };
		BEF993A717B70EC0000F8CC1 /* AudioController.m in Sources */ = {isa = PBXBuildFile; fileRef = BEF993A617B70EC0000F8CC1 /* AudioController.m */; };
		BEF993AA17B70F69000F8CC1 /* ExplodeView.m in Sources */ = {isa = PBXBuildFile; fileRef = BEF993A917B70F69000F8CC1 /* ExplodeView.m */; };
		BEF993AD17B70F9E000F8CC1 /* StarDustView.m in Sources */ = {isa = PBXBuildFile; fileRef = BEF993AC17B70F9E000F8CC1 /* StarDustView.m */; };
		BEF993AF17B7109E000F8CC1 /* QuartzCore.framework in Frameworks */ = {isa = PBXBuildFile; fileRef = BEF993AE17B7109E000F8CC1 /* QuartzCore.framework */; };
		BEF993B117B710B5000F8CC1 /* AVFoundation.framework in Frameworks */ = {isa = PBXBuildFile; fileRef = BEF993B017B710B5000F8CC1 /* AVFoundation.framework */; };
		BEF993B317B710CA000F8CC1 /* CoreAudio.framework in Frameworks */ = {isa = PBXBuildFile; fileRef = BEF993B217B710CA000F8CC1 /* CoreAudio.framework */; };
		BEF993B517B710E0000F8CC1 /* AudioToolbox.framework in Frameworks */ = {isa = PBXBuildFile; fileRef = BEF993B417B710E0000F8CC1 /* AudioToolbox.framework */; };
		BEF993C017B71141000F8CC1 /* TargetView.m in Sources */ = {isa = PBXBuildFile; fileRef = BEF993BD17B71141000F8CC1 /* TargetView.m */; };
		BEF993C117B71141000F8CC1 /* TileView.m in Sources */ = {isa = PBXBuildFile; fileRef = BEF993BF17B71141000F8CC1 /* TileView.m */; };
		BEF993C417B71171000F8CC1 /* StopwatchView.m in Sources */ = {isa = PBXBuildFile; fileRef = BEF993C317B71171000F8CC1 /* StopwatchView.m */; };
/* End PBXBuildFile section */

/* Begin PBXFileReference section */
		BE09361117B752D500B10E4A /* helper.h */ = {isa = PBXFileReference; fileEncoding = 4; lastKnownFileType = sourcecode.c.h; path = helper.h; sourceTree = "<group>"; };
		BE09361217B752D500B10E4A /* helper.m */ = {isa = PBXFileReference; fileEncoding = 4; lastKnownFileType = sourcecode.c.objc; path = helper.m; sourceTree = "<group>"; };
		BE09361417B756CF00B10E4A /* CategoryView.h */ = {isa = PBXFileReference; fileEncoding = 4; lastKnownFileType = sourcecode.c.h; path = CategoryView.h; sourceTree = "<group>"; };
		BE09361517B756CF00B10E4A /* CategoryView.m */ = {isa = PBXFileReference; fileEncoding = 4; lastKnownFileType = sourcecode.c.objc; path = CategoryView.m; sourceTree = "<group>"; };
		BE18F78617B277840033EC1F /* XiaoYuToefl.app */ = {isa = PBXFileReference; explicitFileType = wrapper.application; includeInIndex = 0; path = XiaoYuToefl.app; sourceTree = BUILT_PRODUCTS_DIR; };
		BE18F78917B277840033EC1F /* UIKit.framework */ = {isa = PBXFileReference; lastKnownFileType = wrapper.framework; name = UIKit.framework; path = System/Library/Frameworks/UIKit.framework; sourceTree = SDKROOT; };
		BE18F78B17B277850033EC1F /* Foundation.framework */ = {isa = PBXFileReference; lastKnownFileType = wrapper.framework; name = Foundation.framework; path = System/Library/Frameworks/Foundation.framework; sourceTree = SDKROOT; };
		BE18F78D17B277850033EC1F /* CoreGraphics.framework */ = {isa = PBXFileReference; lastKnownFileType = wrapper.framework; name = CoreGraphics.framework; path = System/Library/Frameworks/CoreGraphics.framework; sourceTree = SDKROOT; };
		BE18F79117B277850033EC1F /* XiaoYuToefl-Info.plist */ = {isa = PBXFileReference; lastKnownFileType = text.plist.xml; path = "XiaoYuToefl-Info.plist"; sourceTree = "<group>"; };
		BE18F79317B277850033EC1F /* en */ = {isa = PBXFileReference; lastKnownFileType = text.plist.strings; name = en; path = en.lproj/InfoPlist.strings; sourceTree = "<group>"; };
		BE18F79517B277850033EC1F /* main.m */ = {isa = PBXFileReference; lastKnownFileType = sourcecode.c.objc; path = main.m; sourceTree = "<group>"; };
		BE18F79717B277850033EC1F /* XiaoYuToefl-Prefix.pch */ = {isa = PBXFileReference; lastKnownFileType = sourcecode.c.h; path = "XiaoYuToefl-Prefix.pch"; sourceTree = "<group>"; };
		BE18F79817B277850033EC1F /* AppDelegate.h */ = {isa = PBXFileReference; lastKnownFileType = sourcecode.c.h; path = AppDelegate.h; sourceTree = "<group>"; };
		BE18F79917B277850033EC1F /* AppDelegate.m */ = {isa = PBXFileReference; lastKnownFileType = sourcecode.c.objc; path = AppDelegate.m; sourceTree = "<group>"; };
		BE18F79B17B277850033EC1F /* Default.png */ = {isa = PBXFileReference; lastKnownFileType = image.png; path = Default.png; sourceTree = "<group>"; };
		BE18F79D17B277850033EC1F /* Default@2x.png */ = {isa = PBXFileReference; lastKnownFileType = image.png; path = "Default@2x.png"; sourceTree = "<group>"; };
		BE18F79F17B277850033EC1F /* Default-568h@2x.png */ = {isa = PBXFileReference; lastKnownFileType = image.png; path = "Default-568h@2x.png"; sourceTree = "<group>"; };
		BE18F7A217B277850033EC1F /* en */ = {isa = PBXFileReference; lastKnownFileType = file.storyboard; name = en; path = en.lproj/MainStoryboard_iPhone.storyboard; sourceTree = "<group>"; };
		BE18F7A517B277850033EC1F /* en */ = {isa = PBXFileReference; lastKnownFileType = file.storyboard; name = en; path = en.lproj/MainStoryboard_iPad.storyboard; sourceTree = "<group>"; };
		BE18F7A717B277850033EC1F /* ViewController.h */ = {isa = PBXFileReference; lastKnownFileType = sourcecode.c.h; path = ViewController.h; sourceTree = "<group>"; };
		BE18F7A817B277850033EC1F /* ViewController.m */ = {isa = PBXFileReference; lastKnownFileType = sourcecode.c.objc; path = ViewController.m; sourceTree = "<group>"; };
		BE18F7B017B278470033EC1F /* Comic_Andy.ttf */ = {isa = PBXFileReference; lastKnownFileType = file; path = Comic_Andy.ttf; sourceTree = "<group>"; };
		BE18F7B417B2788E0033EC1F /* particle.png */ = {isa = PBXFileReference; lastKnownFileType = image.png; path = particle.png; sourceTree = "<group>"; };
		BE18F7B717B278D50033EC1F /* ding.mp3 */ = {isa = PBXFileReference; lastKnownFileType = audio.mp3; path = ding.mp3; sourceTree = "<group>"; };
		BE18F7B817B278D50033EC1F /* win.mp3 */ = {isa = PBXFileReference; lastKnownFileType = audio.mp3; path = win.mp3; sourceTree = "<group>"; };
		BE18F7B917B278D50033EC1F /* wrong.m4a */ = {isa = PBXFileReference; lastKnownFileType = file; path = wrong.m4a; sourceTree = "<group>"; };
		BE18F7BE17B279030033EC1F /* board.jpg */ = {isa = PBXFileReference; lastKnownFileType = image.jpeg; path = board.jpg; sourceTree = "<group>"; };
		BE18F7BF17B279030033EC1F /* board@2x.jpg */ = {isa = PBXFileReference; lastKnownFileType = image.jpeg; path = "board@2x.jpg"; sourceTree = "<group>"; };
		BE18F7C017B279030033EC1F /* btn.png */ = {isa = PBXFileReference; lastKnownFileType = image.png; path = btn.png; sourceTree = "<group>"; };
		BE18F7C117B279030033EC1F /* btn@2x.png */ = {isa = PBXFileReference; lastKnownFileType = image.png; path = "btn@2x.png"; sourceTree = "<group>"; };
		BE18F7C217B279030033EC1F /* slot.png */ = {isa = PBXFileReference; lastKnownFileType = image.png; path = slot.png; sourceTree = "<group>"; };
		BE18F7C317B279030033EC1F /* slot@2x.png */ = {isa = PBXFileReference; lastKnownFileType = image.png; path = "slot@2x.png"; sourceTree = "<group>"; };
		BE18F7C417B279030033EC1F /* tile.png */ = {isa = PBXFileReference; lastKnownFileType = image.png; path = tile.png; sourceTree = "<group>"; };
		BE18F7C517B279030033EC1F /* tile@2x.png */ = {isa = PBXFileReference; lastKnownFileType = image.png; path = "tile@2x.png"; sourceTree = "<group>"; };
		BE18F7D217B2799B0033EC1F /* config.h */ = {isa = PBXFileReference; fileEncoding = 4; lastKnownFileType = sourcecode.c.h; path = config.h; sourceTree = "<group>"; };
		BE18F7D317B27BF10033EC1F /* Word.h */ = {isa = PBXFileReference; fileEncoding = 4; lastKnownFileType = sourcecode.c.h; path = Word.h; sourceTree = "<group>"; };
		BE18F7D417B27BF10033EC1F /* Word.m */ = {isa = PBXFileReference; fileEncoding = 4; lastKnownFileType = sourcecode.c.objc; path = Word.m; sourceTree = "<group>"; };
		BE18F7D617B27CB30033EC1F /* GameController.h */ = {isa = PBXFileReference; fileEncoding = 4; lastKnownFileType = sourcecode.c.h; path = GameController.h; sourceTree = "<group>"; };
		BE18F7D717B27CB30033EC1F /* GameController.m */ = {isa = PBXFileReference; fileEncoding = 4; lastKnownFileType = sourcecode.c.objc; path = GameController.m; sourceTree = "<group>"; };
		BE18F7D917B27D800033EC1F /* libsqlite3.dylib */ = {isa = PBXFileReference; lastKnownFileType = "compiled.mach-o.dylib"; name = libsqlite3.dylib; path = usr/lib/libsqlite3.dylib; sourceTree = SDKROOT; };
		BEE535F917B5D93200846E3B /* DictHelper.h */ = {isa = PBXFileReference; fileEncoding = 4; lastKnownFileType = sourcecode.c.h; path = DictHelper.h; sourceTree = "<group>"; };
		BEE535FA17B5D93200846E3B /* DictHelper.m */ = {isa = PBXFileReference; fileEncoding = 4; lastKnownFileType = sourcecode.c.objc; path = DictHelper.m; sourceTree = "<group>"; };
		BEE535FD17B5DA1300846E3B /* FMDatabase.h */ = {isa = PBXFileReference; fileEncoding = 4; lastKnownFileType = sourcecode.c.h; path = FMDatabase.h; sourceTree = "<group>"; };
		BEE535FE17B5DA1300846E3B /* FMDatabase.m */ = {isa = PBXFileReference; fileEncoding = 4; lastKnownFileType = sourcecode.c.objc; path = FMDatabase.m; sourceTree = "<group>"; };
		BEE535FF17B5DA1300846E3B /* FMDatabaseAdditions.h */ = {isa = PBXFileReference; fileEncoding = 4; lastKnownFileType = sourcecode.c.h; path = FMDatabaseAdditions.h; sourceTree = "<group>"; };
		BEE5360017B5DA1300846E3B /* FMDatabaseAdditions.m */ = {isa = PBXFileReference; fileEncoding = 4; lastKnownFileType = sourcecode.c.objc; path = FMDatabaseAdditions.m; sourceTree = "<group>"; };
		BEE5360117B5DA1300846E3B /* FMDatabasePool.h */ = {isa = PBXFileReference; fileEncoding = 4; lastKnownFileType = sourcecode.c.h; path = FMDatabasePool.h; sourceTree = "<group>"; };
		BEE5360217B5DA1300846E3B /* FMDatabasePool.m */ = {isa = PBXFileReference; fileEncoding = 4; lastKnownFileType = sourcecode.c.objc; path = FMDatabasePool.m; sourceTree = "<group>"; };
		BEE5360317B5DA1300846E3B /* FMDatabaseQueue.h */ = {isa = PBXFileReference; fileEncoding = 4; lastKnownFileType = sourcecode.c.h; path = FMDatabaseQueue.h; sourceTree = "<group>"; };
		BEE5360417B5DA1300846E3B /* FMDatabaseQueue.m */ = {isa = PBXFileReference; fileEncoding = 4; lastKnownFileType = sourcecode.c.objc; path = FMDatabaseQueue.m; sourceTree = "<group>"; };
		BEE5360517B5DA1300846E3B /* FMResultSet.h */ = {isa = PBXFileReference; fileEncoding = 4; lastKnownFileType = sourcecode.c.h; path = FMResultSet.h; sourceTree = "<group>"; };
		BEE5360617B5DA1300846E3B /* FMResultSet.m */ = {isa = PBXFileReference; fileEncoding = 4; lastKnownFileType = sourcecode.c.objc; path = FMResultSet.m; sourceTree = "<group>"; };
		BEE5360C17B5DBF000846E3B /* FZMW.ttf */ = {isa = PBXFileReference; lastKnownFileType = file; path = FZMW.ttf; sourceTree = "<group>"; };
		BEE5360E17B5E4CC00846E3B /* Level.h */ = {isa = PBXFileReference; fileEncoding = 4; lastKnownFileType = sourcecode.c.h; path = Level.h; sourceTree = "<group>"; };
		BEE5360F17B5E4CC00846E3B /* Level.m */ = {isa = PBXFileReference; fileEncoding = 4; lastKnownFileType = sourcecode.c.objc; path = Level.m; sourceTree = "<group>"; };
		BEE5361117B5E58800846E3B /* Category.h */ = {isa = PBXFileReference; fileEncoding = 4; lastKnownFileType = sourcecode.c.h; path = Category.h; sourceTree = "<group>"; };
		BEE5361217B5E58800846E3B /* Category.m */ = {isa = PBXFileReference; fileEncoding = 4; lastKnownFileType = sourcecode.c.objc; path = Category.m; sourceTree = "<group>"; };
		BEE5361417B6A01700846E3B /* dict.db */ = {isa = PBXFileReference; lastKnownFileType = file; path = dict.db; sourceTree = "<group>"; };
		BEF993A517B70EC0000F8CC1 /* AudioController.h */ = {isa = PBXFileReference; fileEncoding = 4; lastKnownFileType = sourcecode.c.h; path = AudioController.h; sourceTree = "<group>"; };
		BEF993A617B70EC0000F8CC1 /* AudioController.m */ = {isa = PBXFileReference; fileEncoding = 4; lastKnownFileType = sourcecode.c.objc; path = AudioController.m; sourceTree = "<group>"; };
		BEF993A817B70F69000F8CC1 /* ExplodeView.h */ = {isa = PBXFileReference; fileEncoding = 4; lastKnownFileType = sourcecode.c.h; path = ExplodeView.h; sourceTree = "<group>"; };
		BEF993A917B70F69000F8CC1 /* ExplodeView.m */ = {isa = PBXFileReference; fileEncoding = 4; lastKnownFileType = sourcecode.c.objc; path = ExplodeView.m; sourceTree = "<group>"; };
		BEF993AB17B70F9E000F8CC1 /* StarDustView.h */ = {isa = PBXFileReference; fileEncoding = 4; lastKnownFileType = sourcecode.c.h; path = StarDustView.h; sourceTree = "<group>"; };
		BEF993AC17B70F9E000F8CC1 /* StarDustView.m */ = {isa = PBXFileReference; fileEncoding = 4; lastKnownFileType = sourcecode.c.objc; path = StarDustView.m; sourceTree = "<group>"; };
		BEF993AE17B7109E000F8CC1 /* QuartzCore.framework */ = {isa = PBXFileReference; lastKnownFileType = wrapper.framework; name = QuartzCore.framework; path = System/Library/Frameworks/QuartzCore.framework; sourceTree = SDKROOT; };
		BEF993B017B710B5000F8CC1 /* AVFoundation.framework */ = {isa = PBXFileReference; lastKnownFileType = wrapper.framework; name = AVFoundation.framework; path = System/Library/Frameworks/AVFoundation.framework; sourceTree = SDKROOT; };
		BEF993B217B710CA000F8CC1 /* CoreAudio.framework */ = {isa = PBXFileReference; lastKnownFileType = wrapper.framework; name = CoreAudio.framework; path = System/Library/Frameworks/CoreAudio.framework; sourceTree = SDKROOT; };
		BEF993B417B710E0000F8CC1 /* AudioToolbox.framework */ = {isa = PBXFileReference; lastKnownFileType = wrapper.framework; name = AudioToolbox.framework; path = System/Library/Frameworks/AudioToolbox.framework; sourceTree = SDKROOT; };
		BEF993BC17B71141000F8CC1 /* TargetView.h */ = {isa = PBXFileReference; fileEncoding = 4; lastKnownFileType = sourcecode.c.h; path = TargetView.h; sourceTree = "<group>"; };
		BEF993BD17B71141000F8CC1 /* TargetView.m */ = {isa = PBXFileReference; fileEncoding = 4; lastKnownFileType = sourcecode.c.objc; path = TargetView.m; sourceTree = "<group>"; };
		BEF993BE17B71141000F8CC1 /* TileView.h */ = {isa = PBXFileReference; fileEncoding = 4; lastKnownFileType = sourcecode.c.h; path = TileView.h; sourceTree = "<group>"; };
		BEF993BF17B71141000F8CC1 /* TileView.m */ = {isa = PBXFileReference; fileEncoding = 4; lastKnownFileType = sourcecode.c.objc; path = TileView.m; sourceTree = "<group>"; };
		BEF993C217B71171000F8CC1 /* StopwatchView.h */ = {isa = PBXFileReference; fileEncoding = 4; lastKnownFileType = sourcecode.c.h; path = StopwatchView.h; sourceTree = "<group>"; };
		BEF993C317B71171000F8CC1 /* StopwatchView.m */ = {isa = PBXFileReference; fileEncoding = 4; lastKnownFileType = sourcecode.c.objc; path = StopwatchView.m; sourceTree = "<group>"; };
/* End PBXFileReference section */

/* Begin PBXFrameworksBuildPhase section */
		BE18F78317B277840033EC1F /* Frameworks */ = {
			isa = PBXFrameworksBuildPhase;
			buildActionMask = 2147483647;
			files = (
				BEF993B517B710E0000F8CC1 /* AudioToolbox.framework in Frameworks */,
				BEF993B317B710CA000F8CC1 /* CoreAudio.framework in Frameworks */,
				BEF993B117B710B5000F8CC1 /* AVFoundation.framework in Frameworks */,
				BEF993AF17B7109E000F8CC1 /* QuartzCore.framework in Frameworks */,
				BE18F7DA17B27D800033EC1F /* libsqlite3.dylib in Frameworks */,
				BE18F78A17B277850033EC1F /* UIKit.framework in Frameworks */,
				BE18F78C17B277850033EC1F /* Foundation.framework in Frameworks */,
				BE18F78E17B277850033EC1F /* CoreGraphics.framework in Frameworks */,
			);
			runOnlyForDeploymentPostprocessing = 0;
		};
/* End PBXFrameworksBuildPhase section */

/* Begin PBXGroup section */
		BE09361017B752B900B10E4A /* helper */ = {
			isa = PBXGroup;
			children = (
				BE09361117B752D500B10E4A /* helper.h */,
				BE09361217B752D500B10E4A /* helper.m */,
			);
			name = helper;
			sourceTree = "<group>";
		};
		BE18F77D17B277840033EC1F = {
			isa = PBXGroup;
			children = (
				BE18F78F17B277850033EC1F /* XiaoYuToefl */,
				BE18F78817B277840033EC1F /* Frameworks */,
				BE18F78717B277840033EC1F /* Products */,
			);
			sourceTree = "<group>";
		};
		BE18F78717B277840033EC1F /* Products */ = {
			isa = PBXGroup;
			children = (
				BE18F78617B277840033EC1F /* XiaoYuToefl.app */,
			);
			name = Products;
			sourceTree = "<group>";
		};
		BE18F78817B277840033EC1F /* Frameworks */ = {
			isa = PBXGroup;
			children = (
				BE18F7D917B27D800033EC1F /* libsqlite3.dylib */,
				BEF993B417B710E0000F8CC1 /* AudioToolbox.framework */,
				BEF993B217B710CA000F8CC1 /* CoreAudio.framework */,
				BEF993B017B710B5000F8CC1 /* AVFoundation.framework */,
				BEF993AE17B7109E000F8CC1 /* QuartzCore.framework */,
				BE18F78917B277840033EC1F /* UIKit.framework */,
				BE18F78B17B277850033EC1F /* Foundation.framework */,
				BE18F78D17B277850033EC1F /* CoreGraphics.framework */,
			);
			name = Frameworks;
			sourceTree = "<group>";
		};
		BE18F78F17B277850033EC1F /* XiaoYuToefl */ = {
			isa = PBXGroup;
			children = (
				BE18F7D217B2799B0033EC1F /* config.h */,
				BEE535FC17B5DA1300846E3B /* FMDB */,
				BE18F7CE17B279340033EC1F /* Classes */,
				BE18F7AF17B278180033EC1F /* Assets */,
				BE18F79817B277850033EC1F /* AppDelegate.h */,
				BE18F79917B277850033EC1F /* AppDelegate.m */,
				BE18F7A117B277850033EC1F /* MainStoryboard_iPhone.storyboard */,
				BE18F7A417B277850033EC1F /* MainStoryboard_iPad.storyboard */,
				BE18F7A717B277850033EC1F /* ViewController.h */,
				BE18F7A817B277850033EC1F /* ViewController.m */,
				BE18F79017B277850033EC1F /* Supporting Files */,
			);
			path = XiaoYuToefl;
			sourceTree = "<group>";
		};
		BE18F79017B277850033EC1F /* Supporting Files */ = {
			isa = PBXGroup;
			children = (
				BE18F79117B277850033EC1F /* XiaoYuToefl-Info.plist */,
				BE18F79217B277850033EC1F /* InfoPlist.strings */,
				BE18F79517B277850033EC1F /* main.m */,
				BE18F79717B277850033EC1F /* XiaoYuToefl-Prefix.pch */,
				BE18F79B17B277850033EC1F /* Default.png */,
				BE18F79D17B277850033EC1F /* Default@2x.png */,
				BE18F79F17B277850033EC1F /* Default-568h@2x.png */,
			);
			name = "Supporting Files";
			sourceTree = "<group>";
		};
		BE18F7AF17B278180033EC1F /* Assets */ = {
			isa = PBXGroup;
			children = (
				BE18F7DD17B27EE40033EC1F /* Dict */,
				BE18F7BD17B278DE0033EC1F /* Images */,
				BE18F7B617B278990033EC1F /* Audio */,
				BE18F7B317B2786F0033EC1F /* Particles */,
				BE18F7B217B278550033EC1F /* Fonts */,
			);
			name = Assets;
			sourceTree = "<group>";
		};
		BE18F7B217B278550033EC1F /* Fonts */ = {
			isa = PBXGroup;
			children = (
				BEE5360C17B5DBF000846E3B /* FZMW.ttf */,
				BE18F7B017B278470033EC1F /* Comic_Andy.ttf */,
			);
			name = Fonts;
			sourceTree = "<group>";
		};
		BE18F7B317B2786F0033EC1F /* Particles */ = {
			isa = PBXGroup;
			children = (
				BE18F7B417B2788E0033EC1F /* particle.png */,
			);
			name = Particles;
			sourceTree = "<group>";
		};
		BE18F7B617B278990033EC1F /* Audio */ = {
			isa = PBXGroup;
			children = (
				BE18F7B717B278D50033EC1F /* ding.mp3 */,
				BE18F7B817B278D50033EC1F /* win.mp3 */,
				BE18F7B917B278D50033EC1F /* wrong.m4a */,
			);
			name = Audio;
			sourceTree = "<group>";
		};
		BE18F7BD17B278DE0033EC1F /* Images */ = {
			isa = PBXGroup;
			children = (
				BE18F7BE17B279030033EC1F /* board.jpg */,
				BE18F7BF17B279030033EC1F /* board@2x.jpg */,
				BE18F7C017B279030033EC1F /* btn.png */,
				BE18F7C117B279030033EC1F /* btn@2x.png */,
				BE18F7C217B279030033EC1F /* slot.png */,
				BE18F7C317B279030033EC1F /* slot@2x.png */,
				BE18F7C417B279030033EC1F /* tile.png */,
				BE18F7C517B279030033EC1F /* tile@2x.png */,
			);
			name = Images;
			sourceTree = "<group>";
		};
		BE18F7CE17B279340033EC1F /* Classes */ = {
			isa = PBXGroup;
			children = (
				BE09361017B752B900B10E4A /* helper */,
				BE18F7D117B279480033EC1F /* controllers */,
				BE18F7D017B279430033EC1F /* views */,
				BE18F7CF17B2793C0033EC1F /* models */,
			);
			name = Classes;
			sourceTree = "<group>";
		};
		BE18F7CF17B2793C0033EC1F /* models */ = {
			isa = PBXGroup;
			children = (
				BE18F7D317B27BF10033EC1F /* Word.h */,
				BE18F7D417B27BF10033EC1F /* Word.m */,
				BEE535F917B5D93200846E3B /* DictHelper.h */,
				BEE535FA17B5D93200846E3B /* DictHelper.m */,
				BEE5360E17B5E4CC00846E3B /* Level.h */,
				BEE5360F17B5E4CC00846E3B /* Level.m */,
				BEE5361117B5E58800846E3B /* Category.h */,
				BEE5361217B5E58800846E3B /* Category.m */,
			);
			name = models;
			sourceTree = "<group>";
		};
		BE18F7D017B279430033EC1F /* views */ = {
			isa = PBXGroup;
			children = (
				BEF993C217B71171000F8CC1 /* StopwatchView.h */,
				BEF993C317B71171000F8CC1 /* StopwatchView.m */,
				BEF993BC17B71141000F8CC1 /* TargetView.h */,
				BEF993BD17B71141000F8CC1 /* TargetView.m */,
				BEF993BE17B71141000F8CC1 /* TileView.h */,
				BEF993BF17B71141000F8CC1 /* TileView.m */,
				BE09361417B756CF00B10E4A /* CategoryView.h */,
				BE09361517B756CF00B10E4A /* CategoryView.m */,
				BEF993AB17B70F9E000F8CC1 /* StarDustView.h */,
				BEF993AC17B70F9E000F8CC1 /* StarDustView.m */,
				BEF993A817B70F69000F8CC1 /* ExplodeView.h */,
				BEF993A917B70F69000F8CC1 /* ExplodeView.m */,
			);
			name = views;
			sourceTree = "<group>";
		};
		BE18F7D117B279480033EC1F /* controllers */ = {
			isa = PBXGroup;
			children = (
				BEF993A517B70EC0000F8CC1 /* AudioController.h */,
				BEF993A617B70EC0000F8CC1 /* AudioController.m */,
				BE18F7D617B27CB30033EC1F /* GameController.h */,
				BE18F7D717B27CB30033EC1F /* GameController.m */,
			);
			name = controllers;
			sourceTree = "<group>";
		};
		BE18F7DD17B27EE40033EC1F /* Dict */ = {
			isa = PBXGroup;
			children = (
				BEE5361417B6A01700846E3B /* dict.db */,
			);
			name = Dict;
			sourceTree = "<group>";
		};
		BEE535FC17B5DA1300846E3B /* FMDB */ = {
			isa = PBXGroup;
			children = (
				BEE535FD17B5DA1300846E3B /* FMDatabase.h */,
				BEE535FE17B5DA1300846E3B /* FMDatabase.m */,
				BEE535FF17B5DA1300846E3B /* FMDatabaseAdditions.h */,
				BEE5360017B5DA1300846E3B /* FMDatabaseAdditions.m */,
				BEE5360117B5DA1300846E3B /* FMDatabasePool.h */,
				BEE5360217B5DA1300846E3B /* FMDatabasePool.m */,
				BEE5360317B5DA1300846E3B /* FMDatabaseQueue.h */,
				BEE5360417B5DA1300846E3B /* FMDatabaseQueue.m */,
				BEE5360517B5DA1300846E3B /* FMResultSet.h */,
				BEE5360617B5DA1300846E3B /* FMResultSet.m */,
			);
			path = FMDB;
			sourceTree = "<group>";
		};
/* End PBXGroup section */

/* Begin PBXNativeTarget section */
		BE18F78517B277840033EC1F /* XiaoYuToefl */ = {
			isa = PBXNativeTarget;
			buildConfigurationList = BE18F7AC17B277850033EC1F /* Build configuration list for PBXNativeTarget "XiaoYuToefl" */;
			buildPhases = (
				BE18F78217B277840033EC1F /* Sources */,
				BE18F78317B277840033EC1F /* Frameworks */,
				BE18F78417B277840033EC1F /* Resources */,
			);
			buildRules = (
			);
			dependencies = (
			);
			name = XiaoYuToefl;
			productName = XiaoYuToefl;
			productReference = BE18F78617B277840033EC1F /* XiaoYuToefl.app */;
			productType = "com.apple.product-type.application";
		};
/* End PBXNativeTarget section */

/* Begin PBXProject section */
		BE18F77E17B277840033EC1F /* Project object */ = {
			isa = PBXProject;
			attributes = {
				LastUpgradeCheck = 0460;
				ORGANIZATIONNAME = "Xingyin Zhu";
			};
			buildConfigurationList = BE18F78117B277840033EC1F /* Build configuration list for PBXProject "XiaoYuToefl" */;
			compatibilityVersion = "Xcode 3.2";
			developmentRegion = English;
			hasScannedForEncodings = 0;
			knownRegions = (
				en,
			);
			mainGroup = BE18F77D17B277840033EC1F;
			productRefGroup = BE18F78717B277840033EC1F /* Products */;
			projectDirPath = "";
			projectRoot = "";
			targets = (
				BE18F78517B277840033EC1F /* XiaoYuToefl */,
			);
		};
/* End PBXProject section */

/* Begin PBXResourcesBuildPhase section */
		BE18F78417B277840033EC1F /* Resources */ = {
			isa = PBXResourcesBuildPhase;
			buildActionMask = 2147483647;
			files = (
				BE18F79417B277850033EC1F /* InfoPlist.strings in Resources */,
				BE18F79C17B277850033EC1F /* Default.png in Resources */,
				BE18F79E17B277850033EC1F /* Default@2x.png in Resources */,
				BE18F7A017B277850033EC1F /* Default-568h@2x.png in Resources */,
				BE18F7A317B277850033EC1F /* MainStoryboard_iPhone.storyboard in Resources */,
				BE18F7A617B277850033EC1F /* MainStoryboard_iPad.storyboard in Resources */,
				BE18F7B117B278470033EC1F /* Comic_Andy.ttf in Resources */,
				BE18F7B517B2788E0033EC1F /* particle.png in Resources */,
				BE18F7BA17B278D50033EC1F /* ding.mp3 in Resources */,
				BE18F7BB17B278D50033EC1F /* win.mp3 in Resources */,
				BE18F7BC17B278D50033EC1F /* wrong.m4a in Resources */,
				BE18F7C617B279030033EC1F /* board.jpg in Resources */,
				BE18F7C717B279030033EC1F /* board@2x.jpg in Resources */,
				BE18F7C817B279030033EC1F /* btn.png in Resources */,
				BE18F7C917B279030033EC1F /* btn@2x.png in Resources */,
				BE18F7CA17B279030033EC1F /* slot.png in Resources */,
				BE18F7CB17B279030033EC1F /* slot@2x.png in Resources */,
				BE18F7CC17B279030033EC1F /* tile.png in Resources */,
				BE18F7CD17B279030033EC1F /* tile@2x.png in Resources */,
				BEE5360D17B5DBF000846E3B /* FZMW.ttf in Resources */,
				BEE5361517B6A01700846E3B /* dict.db in Resources */,
			);
			runOnlyForDeploymentPostprocessing = 0;
		};
/* End PBXResourcesBuildPhase section */

/* Begin PBXSourcesBuildPhase section */
		BE18F78217B277840033EC1F /* Sources */ = {
			isa = PBXSourcesBuildPhase;
			buildActionMask = 2147483647;
			files = (
				BE18F79617B277850033EC1F /* main.m in Sources */,
				BE18F79A17B277850033EC1F /* AppDelegate.m in Sources */,
				BE18F7A917B277850033EC1F /* ViewController.m in Sources */,
				BE18F7D517B27BF10033EC1F /* Word.m in Sources */,
				BE18F7D817B27CB30033EC1F /* GameController.m in Sources */,
				BEE535FB17B5D93200846E3B /* DictHelper.m in Sources */,
				BEE5360717B5DA1300846E3B /* FMDatabase.m in Sources */,
				BEE5360817B5DA1300846E3B /* FMDatabaseAdditions.m in Sources */,
				BEE5360917B5DA1300846E3B /* FMDatabasePool.m in Sources */,
				BEE5360A17B5DA1300846E3B /* FMDatabaseQueue.m in Sources */,
				BEE5360B17B5DA1300846E3B /* FMResultSet.m in Sources */,
				BEE5361017B5E4CC00846E3B /* Level.m in Sources */,
				BEE5361317B5E58800846E3B /* Category.m in Sources */,
				BEF993A717B70EC0000F8CC1 /* AudioController.m in Sources */,
				BEF993AA17B70F69000F8CC1 /* ExplodeView.m in Sources */,
				BEF993AD17B70F9E000F8CC1 /* StarDustView.m in Sources */,
				BEF993C017B71141000F8CC1 /* TargetView.m in Sources */,
				BEF993C117B71141000F8CC1 /* TileView.m in Sources */,
				BEF993C417B71171000F8CC1 /* StopwatchView.m in Sources */,
				BE09361317B752D500B10E4A /* helper.m in Sources */,
				BE09361617B756CF00B10E4A /* CategoryView.m in Sources */,
			);
			runOnlyForDeploymentPostprocessing = 0;
		};
/* End PBXSourcesBuildPhase section */

/* Begin PBXVariantGroup section */
		BE18F79217B277850033EC1F /* InfoPlist.strings */ = {
			isa = PBXVariantGroup;
			children = (
				BE18F79317B277850033EC1F /* en */,
			);
			name = InfoPlist.strings;
			sourceTree = "<group>";
		};
		BE18F7A117B277850033EC1F /* MainStoryboard_iPhone.storyboard */ = {
			isa = PBXVariantGroup;
			children = (
				BE18F7A217B277850033EC1F /* en */,
			);
			name = MainStoryboard_iPhone.storyboard;
			sourceTree = "<group>";
		};
		BE18F7A417B277850033EC1F /* MainStoryboard_iPad.storyboard */ = {
			isa = PBXVariantGroup;
			children = (
				BE18F7A517B277850033EC1F /* en */,
			);
			name = MainStoryboard_iPad.storyboard;
			sourceTree = "<group>";
		};
/* End PBXVariantGroup section */

/* Begin XCBuildConfiguration section */
		BE18F7AA17B277850033EC1F /* Debug */ = {
			isa = XCBuildConfiguration;
			buildSettings = {
				ALWAYS_SEARCH_USER_PATHS = NO;
				CLANG_CXX_LANGUAGE_STANDARD = "gnu++0x";
				CLANG_CXX_LIBRARY = "libc++";
				CLANG_ENABLE_OBJC_ARC = YES;
				CLANG_WARN_CONSTANT_CONVERSION = YES;
				CLANG_WARN_EMPTY_BODY = YES;
				CLANG_WARN_ENUM_CONVERSION = YES;
				CLANG_WARN_INT_CONVERSION = YES;
				CLANG_WARN__DUPLICATE_METHOD_MATCH = YES;
				"CODE_SIGN_IDENTITY[sdk=iphoneos*]" = "iPhone Developer";
				COPY_PHASE_STRIP = NO;
				GCC_C_LANGUAGE_STANDARD = gnu99;
				GCC_DYNAMIC_NO_PIC = NO;
				GCC_OPTIMIZATION_LEVEL = 0;
				GCC_PREPROCESSOR_DEFINITIONS = (
					"DEBUG=1",
					"$(inherited)",
				);
				GCC_SYMBOLS_PRIVATE_EXTERN = NO;
				GCC_WARN_ABOUT_RETURN_TYPE = YES;
				GCC_WARN_UNINITIALIZED_AUTOS = YES;
				GCC_WARN_UNUSED_VARIABLE = YES;
				IPHONEOS_DEPLOYMENT_TARGET = 6.1;
				ONLY_ACTIVE_ARCH = YES;
				SDKROOT = iphoneos;
				TARGETED_DEVICE_FAMILY = "1,2";
			};
			name = Debug;
		};
		BE18F7AB17B277850033EC1F /* Release */ = {
			isa = XCBuildConfiguration;
			buildSettings = {
				ALWAYS_SEARCH_USER_PATHS = NO;
				CLANG_CXX_LANGUAGE_STANDARD = "gnu++0x";
				CLANG_CXX_LIBRARY = "libc++";
				CLANG_ENABLE_OBJC_ARC = YES;
				CLANG_WARN_CONSTANT_CONVERSION = YES;
				CLANG_WARN_EMPTY_BODY = YES;
				CLANG_WARN_ENUM_CONVERSION = YES;
				CLANG_WARN_INT_CONVERSION = YES;
				CLANG_WARN__DUPLICATE_METHOD_MATCH = YES;
				"CODE_SIGN_IDENTITY[sdk=iphoneos*]" = "iPhone Developer";
				COPY_PHASE_STRIP = YES;
				GCC_C_LANGUAGE_STANDARD = gnu99;
				GCC_WARN_ABOUT_RETURN_TYPE = YES;
				GCC_WARN_UNINITIALIZED_AUTOS = YES;
				GCC_WARN_UNUSED_VARIABLE = YES;
				IPHONEOS_DEPLOYMENT_TARGET = 6.1;
				OTHER_CFLAGS = "-DNS_BLOCK_ASSERTIONS=1";
				SDKROOT = iphoneos;
				TARGETED_DEVICE_FAMILY = "1,2";
				VALIDATE_PRODUCT = YES;
			};
			name = Release;
		};
		BE18F7AD17B277850033EC1F /* Debug */ = {
			isa = XCBuildConfiguration;
			buildSettings = {
				GCC_PRECOMPILE_PREFIX_HEADER = YES;
				GCC_PREFIX_HEADER = "XiaoYuToefl/XiaoYuToefl-Prefix.pch";
				INFOPLIST_FILE = "XiaoYuToefl/XiaoYuToefl-Info.plist";
				PRODUCT_NAME = "$(TARGET_NAME)";
				WRAPPER_EXTENSION = app;
			};
			name = Debug;
		};
		BE18F7AE17B277850033EC1F /* Release */ = {
			isa = XCBuildConfiguration;
			buildSettings = {
				GCC_PRECOMPILE_PREFIX_HEADER = YES;
				GCC_PREFIX_HEADER = "XiaoYuToefl/XiaoYuToefl-Prefix.pch";
				INFOPLIST_FILE = "XiaoYuToefl/XiaoYuToefl-Info.plist";
				PRODUCT_NAME = "$(TARGET_NAME)";
				WRAPPER_EXTENSION = app;
			};
			name = Release;
		};
/* End XCBuildConfiguration section */

/* Begin XCConfigurationList section */
		BE18F78117B277840033EC1F /* Build configuration list for PBXProject "XiaoYuToefl" */ = {
			isa = XCConfigurationList;
			buildConfigurations = (
				BE18F7AA17B277850033EC1F /* Debug */,
				BE18F7AB17B277850033EC1F /* Release */,
			);
			defaultConfigurationIsVisible = 0;
			defaultConfigurationName = Release;
		};
		BE18F7AC17B277850033EC1F /* Build configuration list for PBXNativeTarget "XiaoYuToefl" */ = {
			isa = XCConfigurationList;
			buildConfigurations = (
				BE18F7AD17B277850033EC1F /* Debug */,
				BE18F7AE17B277850033EC1F /* Release */,
			);
			defaultConfigurationIsVisible = 0;
			defaultConfigurationName = Release;
		};
/* End XCConfigurationList section */
	};
	rootObject = BE18F77E17B277840033EC1F /* Project object */;
}
